
Microsoft Visual Studio Solution File, Format Version 12.00
# Visual Studio Version 16
VisualStudioVersion = 16.0.31402.337
MinimumVisualStudioVersion = 10.0.40219.1
Project("{8BC9CEB8-8B4A-11D0-8D11-00A0C91BC942}") = "03-09", "03-09\03-09.vcxproj", "{C50B7AD7-5E44-4E71-9548-C14F49837CB7}"
EndProject
Global
	GlobalSection(SolutionConfigurationPlatforms) = preSolution
		Debug|x64 = Debug|x64
		Debug|x86 = Debug|x86
		Release|x64 = Release|x64
		Release|x86 = Release|x86
	EndGlobalSection
	GlobalSection(ProjectConfigurationPlatforms) = postSolution
		{C50B7AD7-5E44-4E71-9548-C14F49837CB7}.Debug|x64.ActiveCfg = Debug|x64
		{C50B7AD7-5E44-4E71-9548-C14F49837CB7}.Debug|x64.Build.0 = Debug|x64
		{C50B7AD7-5E44-4E71-9548-C14F49837CB7}.Debug|x86.ActiveCfg = Debug|Win32
		{C50B7AD7-5E44-4E71-9548-C14F49837CB7}.Debug|x86.Build.0 = Debug|Win32
		{C50B7AD7-5E44-4E71-9548-C14F49837CB7}.Release|x64.ActiveCfg = Release|x64
		{C50B7AD7-5E44-4E71-9548-C14F49837CB7}.Release|x64.Build.0 = Release|x64
		{C50B7AD7-5E44-4E71-9548-C14F49837CB7}.Release|x86.ActiveCfg = Release|Win32
		{C50B7AD7-5E44-4E71-9548-C14F49837CB7}.Release|x86.Build.0 = Release|Win32
	EndGlobalSection
	GlobalSection(SolutionProperties) = preSolution
		HideSolutionNode = FALSE
	EndGlobalSection
	GlobalSection(ExtensibilityGlobals) = postSolution
		SolutionGuid = {C2A058F8-2372-45EE-9847-B094569AD9FB}
	EndGlobalSection
EndGlobal
